
Microsoft Visual Studio Solution File, Format Version 12.00
Project("{FAE04EC0-301F-11D3-BF4B-00C04F79EFBC}") = "MyConsole", "MyConsole.csproj", "{1750AF17-8AD8-4A60-8DAA-151AE1EE40D3}"
EndProject
Global
	GlobalSection(SolutionConfigurationPlatforms) = preSolution
		Debug|Any CPU = Debug|Any CPU
		Release|Any CPU = Release|Any CPU
	EndGlobalSection
	GlobalSection(ProjectConfigurationPlatforms) = postSolution
		{1750AF17-8AD8-4A60-8DAA-151AE1EE40D3}.Debug|Any CPU.ActiveCfg = Debug|Any CPU
		{1750AF17-8AD8-4A60-8DAA-151AE1EE40D3}.Debug|Any CPU.Build.0 = Debug|Any CPU
		{1750AF17-8AD8-4A60-8DAA-151AE1EE40D3}.Release|Any CPU.ActiveCfg = Release|Any CPU
		{1750AF17-8AD8-4A60-8DAA-151AE1EE40D3}.Release|Any CPU.Build.0 = Release|Any CPU
	EndGlobalSection
EndGlobal
